
Microsoft Visual Studio Solution File, Format Version 12.00
# Visual Studio Version 16
VisualStudioVersion = 16.0.30413.136
MinimumVisualStudioVersion = 10.0.40219.1
Project("{FAE04EC0-301F-11D3-BF4B-00C04F79EFBC}") = "ASPNetWebOnGitHub4", "ASPNetWebOnGitHub4\ASPNetWebOnGitHub4.csproj", "{4511A4CD-6B32-4A02-9C52-118D4C787400}"
EndProject
Global
	GlobalSection(SolutionConfigurationPlatforms) = preSolution
		Debug|Any CPU = Debug|Any CPU
		Release|Any CPU = Release|Any CPU
	EndGlobalSection
	GlobalSection(ProjectConfigurationPlatforms) = postSolution
		{4511A4CD-6B32-4A02-9C52-118D4C787400}.Debug|Any CPU.ActiveCfg = Debug|Any CPU
		{4511A4CD-6B32-4A02-9C52-118D4C787400}.Debug|Any CPU.Build.0 = Debug|Any CPU
		{4511A4CD-6B32-4A02-9C52-118D4C787400}.Release|Any CPU.ActiveCfg = Release|Any CPU
		{4511A4CD-6B32-4A02-9C52-118D4C787400}.Release|Any CPU.Build.0 = Release|Any CPU
	EndGlobalSection
	GlobalSection(SolutionProperties) = preSolution
		HideSolutionNode = FALSE
	EndGlobalSection
	GlobalSection(ExtensibilityGlobals) = postSolution
		SolutionGuid = {40B87AEF-429C-4EAE-850C-804770B7155E}
	EndGlobalSection
EndGlobal
